---
lockVersion: 1.0.0
dependencies:
  codeql/concepts:
    version: 0.0.25
  codeql/controlflow:
    version: 2.0.35
  codeql/dataflow:
    version: 2.1.7
  codeql/javascript-all:
    version: 2.7.2
  codeql/mad:
    version: 1.0.51
  codeql/regex:
    version: 1.0.51
  codeql/ssa:
    version: 2.0.27
  codeql/threat-models:
    version: 1.0.51
  codeql/tutorial:
    version: 1.0.51
  codeql/typetracking:
    version: 2.0.35
  codeql/util:
    version: 2.0.38
  codeql/xml:
    version: 1.0.51
  codeql/yaml:
    version: 1.0.51
compiled: false
